// !$*UTF8*$!
{
	archiveVersion = 1;
	classes = {
	};
	objectVersion = 77;
	objects = {

/* Begin PBXBuildFile section */
		027ABA7EB0EA43844BC05517 /* ClipboardItemDisplayText.swift in Sources */ = {isa = PBXBuildFile; fileRef = C46B24B2682039001EA7F2A7 /* ClipboardItemDisplayText.swift */; };
		04D00AA12169910C80C28CF9 /* AppState.swift in Sources */ = {isa = PBXBuildFile; fileRef = 61DF2BC8CEEFB6DBC2A87609 /* AppState.swift */; };
		05C95008A01E020F43D3988B /* AppStateTests.swift in Sources */ = {isa = PBXBuildFile; fileRef = C8E1D7C3153B156AF59F4FBD /* AppStateTests.swift */; };
		0620EE33AA3CA3DF36D3176B /* SettingsView.swift in Sources */ = {isa = PBXBuildFile; fileRef = 80F5648018D6B10F8FB3D046 /* SettingsView.swift */; };
		0C968E38F7456C42503E1319 /* ScopyComponents.swift in Sources */ = {isa = PBXBuildFile; fileRef = 0F7A2545CE101420AEDEBB8F /* ScopyComponents.swift */; };
		0E35E9B208BDFBB26FE28364 /* HistoryViewModel.swift in Sources */ = {isa = PBXBuildFile; fileRef = 18510662ACE6AFE5DEB66283 /* HistoryViewModel.swift */; };
		1216203D7B799CFDA435C0C5 /* ScopyColors.swift in Sources */ = {isa = PBXBuildFile; fileRef = 493362158599490B2914D1A5 /* ScopyColors.swift */; };
		18A0B29008644A161F357EEA /* HistoryViewModel.swift in Sources */ = {isa = PBXBuildFile; fileRef = 18510662ACE6AFE5DEB66283 /* HistoryViewModel.swift */; };
		19AE2BACD59D1592A7C358C5 /* HistoryItemThumbnailView.swift in Sources */ = {isa = PBXBuildFile; fileRef = 20DE268ED91DDC33CB05EFB3 /* HistoryItemThumbnailView.swift */; };
		1A08F54DDAA8AF0231A8934F /* MainWindowUITests.swift in Sources */ = {isa = PBXBuildFile; fileRef = 137D798E7DE3BC649D3DDE14 /* MainWindowUITests.swift */; };
		1A2F33F96B65B19147B7E6DA /* AppDelegate.swift in Sources */ = {isa = PBXBuildFile; fileRef = 47EB28A5AF6B73C0ADB10FA4 /* AppDelegate.swift */; };
		1AA91316EE892A4F9D48F256 /* KeyboardNavigationUITests.swift in Sources */ = {isa = PBXBuildFile; fileRef = D0C6646BEAEFFB053C94B22E /* KeyboardNavigationUITests.swift */; };
		22CAC8D2216EF5F939B413B0 /* HistoryViewModel.swift in Sources */ = {isa = PBXBuildFile; fileRef = 18510662ACE6AFE5DEB66283 /* HistoryViewModel.swift */; };
		23337C912A577960C511EEB6 /* FooterView.swift in Sources */ = {isa = PBXBuildFile; fileRef = 21D905D4EC55C2920DDD4A26 /* FooterView.swift */; };
		23E413BF3FBB4FFF3B5FF598 /* XCTestExtensions.swift in Sources */ = {isa = PBXBuildFile; fileRef = BA19ACBA28A519AD56F862DE /* XCTestExtensions.swift */; };
		2E3AC6F5BBFB8EC0EEA7BEFB /* TestDataFactory.swift in Sources */ = {isa = PBXBuildFile; fileRef = 98A81F5BEC4470C8DA1B4864 /* TestDataFactory.swift */; };
		35F9DA552D86FB9CBF6A3C81 /* ScopyColors.swift in Sources */ = {isa = PBXBuildFile; fileRef = 493362158599490B2914D1A5 /* ScopyColors.swift */; };
		36012B3E0492649A27A3334A /* ListLiveScrollObserverView.swift in Sources */ = {isa = PBXBuildFile; fileRef = 69E5EDE952C99FFB76658AD2 /* ListLiveScrollObserverView.swift */; };
		3B9AFBF4400247DE93225D7B /* HistoryItemView.swift in Sources */ = {isa = PBXBuildFile; fileRef = 5901BA87F11FC6F4D1E7C673 /* HistoryItemView.swift */; };
		3E1520C84E30C111BAE6445B /* HistoryListView.swift in Sources */ = {isa = PBXBuildFile; fileRef = 8C25A96207E0DA2587E7AFBB /* HistoryListView.swift */; };
		3F35F1D85C8C126C9CE04179 /* FloatingPanel.swift in Sources */ = {isa = PBXBuildFile; fileRef = DDB1A51BEEACE7981D4FBBCD /* FloatingPanel.swift */; };
		401BCD4DE9684844FEFE7136 /* HeaderView.swift in Sources */ = {isa = PBXBuildFile; fileRef = 4059379693354F029F0086D1 /* HeaderView.swift */; };
		41CE19EE13324E299BEB89A3 /* ListLiveScrollObserverView.swift in Sources */ = {isa = PBXBuildFile; fileRef = 69E5EDE952C99FFB76658AD2 /* ListLiveScrollObserverView.swift */; };
		437D09C393E7FBBE8EB9D265 /* Localization.swift in Sources */ = {isa = PBXBuildFile; fileRef = 64F67E7978679E2B6026F8F5 /* Localization.swift */; };
		43B8612CECC8A1768F74742B /* ClipboardMonitorTests.swift in Sources */ = {isa = PBXBuildFile; fileRef = F940F6182C4E298B3511A044 /* ClipboardMonitorTests.swift */; };
		440C0A8885E4A77144105A51 /* ConcurrencyTests.swift in Sources */ = {isa = PBXBuildFile; fileRef = 3527EAD22A82840AEDF3F820 /* ConcurrencyTests.swift */; };
		45DB5C84486FE70FDAECC1D1 /* FooterView.swift in Sources */ = {isa = PBXBuildFile; fileRef = 21D905D4EC55C2920DDD4A26 /* FooterView.swift */; };
		4A95D8E07E139A11201F4027 /* ConcurrencyTests.swift in Sources */ = {isa = PBXBuildFile; fileRef = 3527EAD22A82840AEDF3F820 /* ConcurrencyTests.swift */; };
		4F1BE0CF444C5F07BEE16E97 /* MockServices.swift in Sources */ = {isa = PBXBuildFile; fileRef = 2D09BA0550F18A7F9EF6A074 /* MockServices.swift */; };
		4F98B4BEB7AEE0ED458F28D0 /* ScopyComponents.swift in Sources */ = {isa = PBXBuildFile; fileRef = 0F7A2545CE101420AEDEBB8F /* ScopyComponents.swift */; };
		507578187BE947202BD63D0B /* SettingsViewModel.swift in Sources */ = {isa = PBXBuildFile; fileRef = B79CC4C77E31D9CE886C254D /* SettingsViewModel.swift */; };
		542FFE8F4C4D397F7079AB5B /* HeaderView.swift in Sources */ = {isa = PBXBuildFile; fileRef = 4059379693354F029F0086D1 /* HeaderView.swift */; };
		56499299AE17ABA9BCB5E396 /* SectionHeader.swift in Sources */ = {isa = PBXBuildFile; fileRef = 72C7E22A4D3725C49208C650 /* SectionHeader.swift */; };
		56DD95C12F4A8CD6DCD8C837 /* HistoryListView.swift in Sources */ = {isa = PBXBuildFile; fileRef = 8C25A96207E0DA2587E7AFBB /* HistoryListView.swift */; };
		574CBC1092D1BC6891FF64C0 /* PerformanceProfilerTests.swift in Sources */ = {isa = PBXBuildFile; fileRef = 81E3E40D7B7A01720DF737E2 /* PerformanceProfilerTests.swift */; };
		57C1FB3E5765F41546C7AD5E /* ScopyColors.swift in Sources */ = {isa = PBXBuildFile; fileRef = 493362158599490B2914D1A5 /* ScopyColors.swift */; };
		58756FBB91CD1B78A6B09707 /* EmptyStateView.swift in Sources */ = {isa = PBXBuildFile; fileRef = BACD4A1BF6DABAE83D2073AE /* EmptyStateView.swift */; };
		592F3B9027D4B1BFF844AEB0 /* AppState.swift in Sources */ = {isa = PBXBuildFile; fileRef = 61DF2BC8CEEFB6DBC2A87609 /* AppState.swift */; };
		5957B8762A9A3A45F1E3AC86 /* HistoryItemTextPreviewView.swift in Sources */ = {isa = PBXBuildFile; fileRef = 0F77CBE035B9D88E9E868592 /* HistoryItemTextPreviewView.swift */; };
		5ADA570A1558437A10DE516C /* SettingsViewModel.swift in Sources */ = {isa = PBXBuildFile; fileRef = B79CC4C77E31D9CE886C254D /* SettingsViewModel.swift */; };
		5B1334E850CAD27EB7B97DB1 /* HistoryItemImagePreviewView.swift in Sources */ = {isa = PBXBuildFile; fileRef = 60CF1C183B3F302D5E620DB2 /* HistoryItemImagePreviewView.swift */; };
		5B6A53676B5B957EEE6BCA1F /* ScopyTypography.swift in Sources */ = {isa = PBXBuildFile; fileRef = A37481D3662BD7A5717D1395 /* ScopyTypography.swift */; };
		5B88BBC60EB20FAD37917440 /* ScopySize.swift in Sources */ = {isa = PBXBuildFile; fileRef = 9A71D183AE552D5A0722779D /* ScopySize.swift */; };
		5D1D8A60DEB12FAE47085E7E /* ClipboardItemDisplayText.swift in Sources */ = {isa = PBXBuildFile; fileRef = C46B24B2682039001EA7F2A7 /* ClipboardItemDisplayText.swift */; };
		5DA66D3B6875314AE256E8D7 /* HistoryListView.swift in Sources */ = {isa = PBXBuildFile; fileRef = 8C25A96207E0DA2587E7AFBB /* HistoryListView.swift */; };
		6290407CDC493685A38B5DED /* HotKeyServiceTests.swift in Sources */ = {isa = PBXBuildFile; fileRef = FF08A6073418036ABAC09144 /* HotKeyServiceTests.swift */; };
		6694D337867337FF5925549D /* ContentView.swift in Sources */ = {isa = PBXBuildFile; fileRef = 62C29361DE1A42C04AB601DE /* ContentView.swift */; };
		6A99FB613348407E1116DAB4 /* ClipboardItemDisplayText.swift in Sources */ = {isa = PBXBuildFile; fileRef = C46B24B2682039001EA7F2A7 /* ClipboardItemDisplayText.swift */; };
		6B322E6344E429837C1AD94B /* ContextMenuUITests.swift in Sources */ = {isa = PBXBuildFile; fileRef = AEF8649A162AEF1B81D32EE6 /* ContextMenuUITests.swift */; };
		70D5747F23695105E2867484 /* ResourceCleanupTests.swift in Sources */ = {isa = PBXBuildFile; fileRef = E89CCE301327084364FDFDE1 /* ResourceCleanupTests.swift */; };
		721DE7132B1FFC691DA2B442 /* SettingsView.swift in Sources */ = {isa = PBXBuildFile; fileRef = 80F5648018D6B10F8FB3D046 /* SettingsView.swift */; };
		728C9A64C3B9C089CF9F7A75 /* EmptyStateView.swift in Sources */ = {isa = PBXBuildFile; fileRef = BACD4A1BF6DABAE83D2073AE /* EmptyStateView.swift */; };
		731C389FA0434EBF4696D6ED /* libsqlite3.tbd in Frameworks */ = {isa = PBXBuildFile; fileRef = 6EE4401FFF4C04C3F4498B26 /* libsqlite3.tbd */; };
		7411E82D82153F4FD1F02B17 /* PerformanceHelpers.swift in Sources */ = {isa = PBXBuildFile; fileRef = 21D8D06A8582ECBC98830C7E /* PerformanceHelpers.swift */; };
		74BEC382983B8DE7AAAAF6D1 /* LoadMoreTriggerView.swift in Sources */ = {isa = PBXBuildFile; fileRef = 568714EFD72C9DC5533473A8 /* LoadMoreTriggerView.swift */; };
		7BAD31599DE16D32F3FFF800 /* libsqlite3.tbd in Frameworks */ = {isa = PBXBuildFile; fileRef = 6EE4401FFF4C04C3F4498B26 /* libsqlite3.tbd */; };
		7D547894B05F8069CA7A3DD2 /* StorageServiceTests.swift in Sources */ = {isa = PBXBuildFile; fileRef = 6146C28BE595B15CFD414140 /* StorageServiceTests.swift */; };
		7DC66EDCE0E45DFC84BEE089 /* ScopySize.swift in Sources */ = {isa = PBXBuildFile; fileRef = 9A71D183AE552D5A0722779D /* ScopySize.swift */; };
		80C5D92E52A700850F1E5997 /* Localization.swift in Sources */ = {isa = PBXBuildFile; fileRef = 64F67E7978679E2B6026F8F5 /* Localization.swift */; };
		83B5EE1F7FAB659097712B82 /* StorageServiceTests.swift in Sources */ = {isa = PBXBuildFile; fileRef = 6146C28BE595B15CFD414140 /* StorageServiceTests.swift */; };
		847904181954981532FFE71E /* SectionHeader.swift in Sources */ = {isa = PBXBuildFile; fileRef = 72C7E22A4D3725C49208C650 /* SectionHeader.swift */; };
		89FF6438C2FC385E81DD98CB /* PerformanceProfilerTests.swift in Sources */ = {isa = PBXBuildFile; fileRef = 81E3E40D7B7A01720DF737E2 /* PerformanceProfilerTests.swift */; };
		8E8A09B77FADE08387078D3B /* ScopyKit in Frameworks */ = {isa = PBXBuildFile; productRef = 600F5F1A8795C728F788B9FC /* ScopyKit */; };
		91130AD28128B7601FCDCACC /* LoadMoreTriggerView.swift in Sources */ = {isa = PBXBuildFile; fileRef = 568714EFD72C9DC5533473A8 /* LoadMoreTriggerView.swift */; };
		94A1AF4D8054FA51BD1CA617 /* XCTestExtensions.swift in Sources */ = {isa = PBXBuildFile; fileRef = BA19ACBA28A519AD56F862DE /* XCTestExtensions.swift */; };
		94AB18BED4E8018E91611810 /* Localization.swift in Sources */ = {isa = PBXBuildFile; fileRef = 64F67E7978679E2B6026F8F5 /* Localization.swift */; };
		9661BC22D241C00A9FB7E9D0 /* AppDelegate.swift in Sources */ = {isa = PBXBuildFile; fileRef = 47EB28A5AF6B73C0ADB10FA4 /* AppDelegate.swift */; };
		96769165BC6DF4DAA0507486 /* main.swift in Sources */ = {isa = PBXBuildFile; fileRef = 27D4729DD71F0067DDCA4752 /* main.swift */; };
		98350810B6B0F435AD57BEF1 /* LoadMoreTriggerView.swift in Sources */ = {isa = PBXBuildFile; fileRef = 568714EFD72C9DC5533473A8 /* LoadMoreTriggerView.swift */; };
		99DED7606FD51D1B181D0FCE /* SettingsUITests.swift in Sources */ = {isa = PBXBuildFile; fileRef = 4D135671D165B8AD6F558C6A /* SettingsUITests.swift */; };
		9B7AEAA201394AEAAFBC98D2 /* HistoryItemTextPreviewView.swift in Sources */ = {isa = PBXBuildFile; fileRef = 0F77CBE035B9D88E9E868592 /* HistoryItemTextPreviewView.swift */; };
		9BD786560A73DC3C4CE8D4D6 /* HistoryItemThumbnailView.swift in Sources */ = {isa = PBXBuildFile; fileRef = 20DE268ED91DDC33CB05EFB3 /* HistoryItemThumbnailView.swift */; };
		9FD858494D45577D060020B6 /* ScopySpacing.swift in Sources */ = {isa = PBXBuildFile; fileRef = 4E233FCC7701603B37B37B07 /* ScopySpacing.swift */; };
		9FD92224C1C7CFFBF4B37912 /* ScopyKit in Frameworks */ = {isa = PBXBuildFile; productRef = 822D98D29CCFAA4C5137A39D /* ScopyKit */; };
		A24EE268FF89365AF67F78CB /* FloatingPanel.swift in Sources */ = {isa = PBXBuildFile; fileRef = DDB1A51BEEACE7981D4FBBCD /* FloatingPanel.swift */; };
		A316443B51B7C38263A0682C /* PerformanceTests.swift in Sources */ = {isa = PBXBuildFile; fileRef = 1C176E09A1997AD49E566273 /* PerformanceTests.swift */; };
		A370FE0C9CA60A281EC47274 /* FooterView.swift in Sources */ = {isa = PBXBuildFile; fileRef = 21D905D4EC55C2920DDD4A26 /* FooterView.swift */; };
		A4433C4ACC64F0D5DF5DA717 /* ScopyApp.swift in Sources */ = {isa = PBXBuildFile; fileRef = 1072DE11C8E9ECC684565EA3 /* ScopyApp.swift */; };
		A6F593655A42AB21104FC556 /* HeaderView.swift in Sources */ = {isa = PBXBuildFile; fileRef = 4059379693354F029F0086D1 /* HeaderView.swift */; };
		A7ECC4E5E2258320B82397BC /* HistoryListUITests.swift in Sources */ = {isa = PBXBuildFile; fileRef = F8199B08299A36E64A90129A /* HistoryListUITests.swift */; };
		A91C52F48BFDC092FB56BD9D /* SectionHeader.swift in Sources */ = {isa = PBXBuildFile; fileRef = 72C7E22A4D3725C49208C650 /* SectionHeader.swift */; };
		A91F181A47B2BA511885BD3B /* EmptyStateView.swift in Sources */ = {isa = PBXBuildFile; fileRef = BACD4A1BF6DABAE83D2073AE /* EmptyStateView.swift */; };
		AC847133EB07370A9105BC73 /* AppDelegate.swift in Sources */ = {isa = PBXBuildFile; fileRef = 47EB28A5AF6B73C0ADB10FA4 /* AppDelegate.swift */; };
		AECBE8E6B53F955EB3F09911 /* libsqlite3.tbd in Frameworks */ = {isa = PBXBuildFile; fileRef = 6EE4401FFF4C04C3F4498B26 /* libsqlite3.tbd */; };
		B0F8C23D7B1B5DBE7FDB6F6B /* HotKeyServiceTests.swift in Sources */ = {isa = PBXBuildFile; fileRef = FF08A6073418036ABAC09144 /* HotKeyServiceTests.swift */; };
		B192C163D6B56DD11C5C4054 /* ScopyTypography.swift in Sources */ = {isa = PBXBuildFile; fileRef = A37481D3662BD7A5717D1395 /* ScopyTypography.swift */; };
		B1CB4831365DCD6E5077365D /* TestDataFactory.swift in Sources */ = {isa = PBXBuildFile; fileRef = 98A81F5BEC4470C8DA1B4864 /* TestDataFactory.swift */; };
		B22A2A3604CB35AB839619FF /* HistoryItemImagePreviewView.swift in Sources */ = {isa = PBXBuildFile; fileRef = 60CF1C183B3F302D5E620DB2 /* HistoryItemImagePreviewView.swift */; };
		B2CEFE7289E25259D522B888 /* ContentView.swift in Sources */ = {isa = PBXBuildFile; fileRef = 62C29361DE1A42C04AB601DE /* ContentView.swift */; };
		BA2B70C2C4C86E278C2FC773 /* ScopyComponents.swift in Sources */ = {isa = PBXBuildFile; fileRef = 0F7A2545CE101420AEDEBB8F /* ScopyComponents.swift */; };
		BC73EE655DA83097AC0514D4 /* ScopyTypography.swift in Sources */ = {isa = PBXBuildFile; fileRef = A37481D3662BD7A5717D1395 /* ScopyTypography.swift */; };
		BCA3A9072980CA2B53CEFD0A /* ScopySize.swift in Sources */ = {isa = PBXBuildFile; fileRef = 9A71D183AE552D5A0722779D /* ScopySize.swift */; };
		BDF9443F7F2193814BC1A913 /* HistoryItemThumbnailView.swift in Sources */ = {isa = PBXBuildFile; fileRef = 20DE268ED91DDC33CB05EFB3 /* HistoryItemThumbnailView.swift */; };
		BF54B8E26A16E46E840CAE76 /* main.swift in Sources */ = {isa = PBXBuildFile; fileRef = 6A2BAEF33A56AB9DC5808252 /* main.swift */; };
		BF5E207263E1819780AFE98E /* AppState.swift in Sources */ = {isa = PBXBuildFile; fileRef = 61DF2BC8CEEFB6DBC2A87609 /* AppState.swift */; };
		C0A51AA7E4BEC084FC3D231D /* ResourceCleanupTests.swift in Sources */ = {isa = PBXBuildFile; fileRef = E89CCE301327084364FDFDE1 /* ResourceCleanupTests.swift */; };
		C1331931990CB336FE0D878C /* SettingsViewModel.swift in Sources */ = {isa = PBXBuildFile; fileRef = B79CC4C77E31D9CE886C254D /* SettingsViewModel.swift */; };
		C296E6B159C52200F4C441E3 /* ScopySpacing.swift in Sources */ = {isa = PBXBuildFile; fileRef = 4E233FCC7701603B37B37B07 /* ScopySpacing.swift */; };
		C78B2351A13DD052B3C17FB0 /* PerformanceHelpers.swift in Sources */ = {isa = PBXBuildFile; fileRef = 21D8D06A8582ECBC98830C7E /* PerformanceHelpers.swift */; };
		C81A97FB9F42D01C3A7D4731 /* ScopyIcons.swift in Sources */ = {isa = PBXBuildFile; fileRef = FAECF70623C7580CB548B68A /* ScopyIcons.swift */; };
		CAB0C4BCEB0707C32EF0F6E5 /* ScopySpacing.swift in Sources */ = {isa = PBXBuildFile; fileRef = 4E233FCC7701603B37B37B07 /* ScopySpacing.swift */; };
		CD5F94708D052EE6F2D43655 /* HistoryItemImagePreviewView.swift in Sources */ = {isa = PBXBuildFile; fileRef = 60CF1C183B3F302D5E620DB2 /* HistoryItemImagePreviewView.swift */; };
		D0DCBABCC3717C48EAF8A18C /* SearchServiceTests.swift in Sources */ = {isa = PBXBuildFile; fileRef = 15EBBE158869225275AB5F98 /* SearchServiceTests.swift */; };
		D12264DF065BDA48E5D7F1FE /* FloatingPanel.swift in Sources */ = {isa = PBXBuildFile; fileRef = DDB1A51BEEACE7981D4FBBCD /* FloatingPanel.swift */; };
		D2FE58267F3FCB1C5696CED6 /* MockServices.swift in Sources */ = {isa = PBXBuildFile; fileRef = 2D09BA0550F18A7F9EF6A074 /* MockServices.swift */; };
		DA2483A05985496EAFA7CD17 /* ScopyIcons.swift in Sources */ = {isa = PBXBuildFile; fileRef = FAECF70623C7580CB548B68A /* ScopyIcons.swift */; };
		DBE13267B5176E233C33B848 /* HistoryItemTextPreviewView.swift in Sources */ = {isa = PBXBuildFile; fileRef = 0F77CBE035B9D88E9E868592 /* HistoryItemTextPreviewView.swift */; };
		DDB28299C2A49D09AB3CDFD5 /* HistoryItemView.swift in Sources */ = {isa = PBXBuildFile; fileRef = 5901BA87F11FC6F4D1E7C673 /* HistoryItemView.swift */; };
		DEDA1EF2531849DBBA1499A8 /* ClipboardMonitorTests.swift in Sources */ = {isa = PBXBuildFile; fileRef = F940F6182C4E298B3511A044 /* ClipboardMonitorTests.swift */; };
		DF15A575AEB6BFFC571AA648 /* SearchServiceTests.swift in Sources */ = {isa = PBXBuildFile; fileRef = 15EBBE158869225275AB5F98 /* SearchServiceTests.swift */; };
		E4ABCC84D78DE586451E805D /* IntegrationTests.swift in Sources */ = {isa = PBXBuildFile; fileRef = 5F236FB16D44AFE08ACBC9C5 /* IntegrationTests.swift */; };
		E5753C5D865B5BB6A6F5F11E /* ScopyIcons.swift in Sources */ = {isa = PBXBuildFile; fileRef = FAECF70623C7580CB548B68A /* ScopyIcons.swift */; };
		E97D44CFBD18C1091883D418 /* ScopyKit in Frameworks */ = {isa = PBXBuildFile; productRef = 3011C50D2B1653E9005CAAB0 /* ScopyKit */; };
		F3557BE1FA909E49B1824F51 /* SettingsView.swift in Sources */ = {isa = PBXBuildFile; fileRef = 80F5648018D6B10F8FB3D046 /* SettingsView.swift */; };
		F3E22C6E12B926D83DABF422 /* ContentView.swift in Sources */ = {isa = PBXBuildFile; fileRef = 62C29361DE1A42C04AB601DE /* ContentView.swift */; };
		F46EA2E946C32E791B2710E6 /* ListLiveScrollObserverView.swift in Sources */ = {isa = PBXBuildFile; fileRef = 69E5EDE952C99FFB76658AD2 /* ListLiveScrollObserverView.swift */; };
		F57DEF5DFEC07FE9586910EA /* AppStateTests.swift in Sources */ = {isa = PBXBuildFile; fileRef = C8E1D7C3153B156AF59F4FBD /* AppStateTests.swift */; };
		F782F226273CDC46067A65B9 /* HistoryItemView.swift in Sources */ = {isa = PBXBuildFile; fileRef = 5901BA87F11FC6F4D1E7C673 /* HistoryItemView.swift */; };
/* End PBXBuildFile section */

/* Begin PBXContainerItemProxy section */
		56FFB96533A3459F239CD4F9 /* PBXContainerItemProxy */ = {
			isa = PBXContainerItemProxy;
			containerPortal = 881EAC4E17987F3E27B9F996 /* Project object */;
			proxyType = 1;
			remoteGlobalIDString = 9FE7B01C9C96A9A5A0ACFA78;
			remoteInfo = ScopyTestHost;
		};
		D11981CE26BB42085EF77ACB /* PBXContainerItemProxy */ = {
			isa = PBXContainerItemProxy;
			containerPortal = 881EAC4E17987F3E27B9F996 /* Project object */;
			proxyType = 1;
			remoteGlobalIDString = 90B6CBB50728B252BCF53636;
			remoteInfo = Scopy;
		};
/* End PBXContainerItemProxy section */

/* Begin PBXFileReference section */
		00D60F774C44FB7BFFEB35B0 /* ScopyTSanTests.xctest */ = {isa = PBXFileReference; explicitFileType = wrapper.cfbundle; includeInIndex = 0; path = ScopyTSanTests.xctest; sourceTree = BUILT_PRODUCTS_DIR; };
		094F7E96DC5DC3FD8002CD7E /* ScopyUITests.xctest */ = {isa = PBXFileReference; explicitFileType = wrapper.cfbundle; includeInIndex = 0; path = ScopyUITests.xctest; sourceTree = BUILT_PRODUCTS_DIR; };
		0F77CBE035B9D88E9E868592 /* HistoryItemTextPreviewView.swift */ = {isa = PBXFileReference; lastKnownFileType = sourcecode.swift; path = HistoryItemTextPreviewView.swift; sourceTree = "<group>"; };
		0F7A2545CE101420AEDEBB8F /* ScopyComponents.swift */ = {isa = PBXFileReference; lastKnownFileType = sourcecode.swift; path = ScopyComponents.swift; sourceTree = "<group>"; };
		1072DE11C8E9ECC684565EA3 /* ScopyApp.swift */ = {isa = PBXFileReference; lastKnownFileType = sourcecode.swift; path = ScopyApp.swift; sourceTree = "<group>"; };
		137D798E7DE3BC649D3DDE14 /* MainWindowUITests.swift */ = {isa = PBXFileReference; lastKnownFileType = sourcecode.swift; path = MainWindowUITests.swift; sourceTree = "<group>"; };
		15EBBE158869225275AB5F98 /* SearchServiceTests.swift */ = {isa = PBXFileReference; lastKnownFileType = sourcecode.swift; path = SearchServiceTests.swift; sourceTree = "<group>"; };
		18510662ACE6AFE5DEB66283 /* HistoryViewModel.swift */ = {isa = PBXFileReference; lastKnownFileType = sourcecode.swift; path = HistoryViewModel.swift; sourceTree = "<group>"; };
		1C176E09A1997AD49E566273 /* PerformanceTests.swift */ = {isa = PBXFileReference; lastKnownFileType = sourcecode.swift; path = PerformanceTests.swift; sourceTree = "<group>"; };
		209523D492016F8F90EA6F7A /* ScopyTestHost.app */ = {isa = PBXFileReference; explicitFileType = wrapper.application; includeInIndex = 0; path = ScopyTestHost.app; sourceTree = BUILT_PRODUCTS_DIR; };
		20DE268ED91DDC33CB05EFB3 /* HistoryItemThumbnailView.swift */ = {isa = PBXFileReference; lastKnownFileType = sourcecode.swift; path = HistoryItemThumbnailView.swift; sourceTree = "<group>"; };
		21D8D06A8582ECBC98830C7E /* PerformanceHelpers.swift */ = {isa = PBXFileReference; lastKnownFileType = sourcecode.swift; path = PerformanceHelpers.swift; sourceTree = "<group>"; };
		21D905D4EC55C2920DDD4A26 /* FooterView.swift */ = {isa = PBXFileReference; lastKnownFileType = sourcecode.swift; path = FooterView.swift; sourceTree = "<group>"; };
		27D4729DD71F0067DDCA4752 /* main.swift */ = {isa = PBXFileReference; lastKnownFileType = sourcecode.swift; path = main.swift; sourceTree = "<group>"; };
		2D09BA0550F18A7F9EF6A074 /* MockServices.swift */ = {isa = PBXFileReference; lastKnownFileType = sourcecode.swift; path = MockServices.swift; sourceTree = "<group>"; };
		3527EAD22A82840AEDF3F820 /* ConcurrencyTests.swift */ = {isa = PBXFileReference; lastKnownFileType = sourcecode.swift; path = ConcurrencyTests.swift; sourceTree = "<group>"; };
		4059379693354F029F0086D1 /* HeaderView.swift */ = {isa = PBXFileReference; lastKnownFileType = sourcecode.swift; path = HeaderView.swift; sourceTree = "<group>"; };
		47EB28A5AF6B73C0ADB10FA4 /* AppDelegate.swift */ = {isa = PBXFileReference; lastKnownFileType = sourcecode.swift; path = AppDelegate.swift; sourceTree = "<group>"; };
		493362158599490B2914D1A5 /* ScopyColors.swift */ = {isa = PBXFileReference; lastKnownFileType = sourcecode.swift; path = ScopyColors.swift; sourceTree = "<group>"; };
		4D135671D165B8AD6F558C6A /* SettingsUITests.swift */ = {isa = PBXFileReference; lastKnownFileType = sourcecode.swift; path = SettingsUITests.swift; sourceTree = "<group>"; };
		4E233FCC7701603B37B37B07 /* ScopySpacing.swift */ = {isa = PBXFileReference; lastKnownFileType = sourcecode.swift; path = ScopySpacing.swift; sourceTree = "<group>"; };
		568714EFD72C9DC5533473A8 /* LoadMoreTriggerView.swift */ = {isa = PBXFileReference; lastKnownFileType = sourcecode.swift; path = LoadMoreTriggerView.swift; sourceTree = "<group>"; };
		56913B13748B393E8044E08B /* ScopyTests.xctest */ = {isa = PBXFileReference; explicitFileType = wrapper.cfbundle; includeInIndex = 0; path = ScopyTests.xctest; sourceTree = BUILT_PRODUCTS_DIR; };
		5901BA87F11FC6F4D1E7C673 /* HistoryItemView.swift */ = {isa = PBXFileReference; lastKnownFileType = sourcecode.swift; path = HistoryItemView.swift; sourceTree = "<group>"; };
		5F236FB16D44AFE08ACBC9C5 /* IntegrationTests.swift */ = {isa = PBXFileReference; lastKnownFileType = sourcecode.swift; path = IntegrationTests.swift; sourceTree = "<group>"; };
		60CF1C183B3F302D5E620DB2 /* HistoryItemImagePreviewView.swift */ = {isa = PBXFileReference; lastKnownFileType = sourcecode.swift; path = HistoryItemImagePreviewView.swift; sourceTree = "<group>"; };
		6146C28BE595B15CFD414140 /* StorageServiceTests.swift */ = {isa = PBXFileReference; lastKnownFileType = sourcecode.swift; path = StorageServiceTests.swift; sourceTree = "<group>"; };
		61DF2BC8CEEFB6DBC2A87609 /* AppState.swift */ = {isa = PBXFileReference; lastKnownFileType = sourcecode.swift; path = AppState.swift; sourceTree = "<group>"; };
		62C29361DE1A42C04AB601DE /* ContentView.swift */ = {isa = PBXFileReference; lastKnownFileType = sourcecode.swift; path = ContentView.swift; sourceTree = "<group>"; };
		64F67E7978679E2B6026F8F5 /* Localization.swift */ = {isa = PBXFileReference; lastKnownFileType = sourcecode.swift; path = Localization.swift; sourceTree = "<group>"; };
		69E5EDE952C99FFB76658AD2 /* ListLiveScrollObserverView.swift */ = {isa = PBXFileReference; lastKnownFileType = sourcecode.swift; path = ListLiveScrollObserverView.swift; sourceTree = "<group>"; };
		6A2BAEF33A56AB9DC5808252 /* main.swift */ = {isa = PBXFileReference; lastKnownFileType = sourcecode.swift; path = main.swift; sourceTree = "<group>"; };
		6EE4401FFF4C04C3F4498B26 /* libsqlite3.tbd */ = {isa = PBXFileReference; lastKnownFileType = "sourcecode.text-based-dylib-definition"; name = libsqlite3.tbd; path = usr/lib/libsqlite3.tbd; sourceTree = SDKROOT; };
		72C7E22A4D3725C49208C650 /* SectionHeader.swift */ = {isa = PBXFileReference; lastKnownFileType = sourcecode.swift; path = SectionHeader.swift; sourceTree = "<group>"; };
		74C9D67BDF3FC3265BE88014 /* Scopy.app */ = {isa = PBXFileReference; explicitFileType = wrapper.application; includeInIndex = 0; path = Scopy.app; sourceTree = BUILT_PRODUCTS_DIR; };
		80F5648018D6B10F8FB3D046 /* SettingsView.swift */ = {isa = PBXFileReference; lastKnownFileType = sourcecode.swift; path = SettingsView.swift; sourceTree = "<group>"; };
		81E3E40D7B7A01720DF737E2 /* PerformanceProfilerTests.swift */ = {isa = PBXFileReference; lastKnownFileType = sourcecode.swift; path = PerformanceProfilerTests.swift; sourceTree = "<group>"; };
		85328477E197D8B958744DD5 /* Scopy.entitlements */ = {isa = PBXFileReference; lastKnownFileType = text.plist.entitlements; path = Scopy.entitlements; sourceTree = "<group>"; };
		8C25A96207E0DA2587E7AFBB /* HistoryListView.swift */ = {isa = PBXFileReference; lastKnownFileType = sourcecode.swift; path = HistoryListView.swift; sourceTree = "<group>"; };
		981F278303CBA80DA8E8A43D /* Scopy */ = {isa = PBXFileReference; lastKnownFileType = folder; name = Scopy; path = .; sourceTree = SOURCE_ROOT; };
		98A81F5BEC4470C8DA1B4864 /* TestDataFactory.swift */ = {isa = PBXFileReference; lastKnownFileType = sourcecode.swift; path = TestDataFactory.swift; sourceTree = "<group>"; };
		9A71D183AE552D5A0722779D /* ScopySize.swift */ = {isa = PBXFileReference; lastKnownFileType = sourcecode.swift; path = ScopySize.swift; sourceTree = "<group>"; };
		A37481D3662BD7A5717D1395 /* ScopyTypography.swift */ = {isa = PBXFileReference; lastKnownFileType = sourcecode.swift; path = ScopyTypography.swift; sourceTree = "<group>"; };
		AEF8649A162AEF1B81D32EE6 /* ContextMenuUITests.swift */ = {isa = PBXFileReference; lastKnownFileType = sourcecode.swift; path = ContextMenuUITests.swift; sourceTree = "<group>"; };
		B79CC4C77E31D9CE886C254D /* SettingsViewModel.swift */ = {isa = PBXFileReference; lastKnownFileType = sourcecode.swift; path = SettingsViewModel.swift; sourceTree = "<group>"; };
		BA19ACBA28A519AD56F862DE /* XCTestExtensions.swift */ = {isa = PBXFileReference; lastKnownFileType = sourcecode.swift; path = XCTestExtensions.swift; sourceTree = "<group>"; };
		BACD4A1BF6DABAE83D2073AE /* EmptyStateView.swift */ = {isa = PBXFileReference; lastKnownFileType = sourcecode.swift; path = EmptyStateView.swift; sourceTree = "<group>"; };
		C46B24B2682039001EA7F2A7 /* ClipboardItemDisplayText.swift */ = {isa = PBXFileReference; lastKnownFileType = sourcecode.swift; path = ClipboardItemDisplayText.swift; sourceTree = "<group>"; };
		C8E1D7C3153B156AF59F4FBD /* AppStateTests.swift */ = {isa = PBXFileReference; lastKnownFileType = sourcecode.swift; path = AppStateTests.swift; sourceTree = "<group>"; };
		D0C6646BEAEFFB053C94B22E /* KeyboardNavigationUITests.swift */ = {isa = PBXFileReference; lastKnownFileType = sourcecode.swift; path = KeyboardNavigationUITests.swift; sourceTree = "<group>"; };
		DDB1A51BEEACE7981D4FBBCD /* FloatingPanel.swift */ = {isa = PBXFileReference; lastKnownFileType = sourcecode.swift; path = FloatingPanel.swift; sourceTree = "<group>"; };
		E89CCE301327084364FDFDE1 /* ResourceCleanupTests.swift */ = {isa = PBXFileReference; lastKnownFileType = sourcecode.swift; path = ResourceCleanupTests.swift; sourceTree = "<group>"; };
		EBEA6A2C67F9BCC973129D90 /* Info.plist */ = {isa = PBXFileReference; lastKnownFileType = text.plist; path = Info.plist; sourceTree = "<group>"; };
		F8199B08299A36E64A90129A /* HistoryListUITests.swift */ = {isa = PBXFileReference; lastKnownFileType = sourcecode.swift; path = HistoryListUITests.swift; sourceTree = "<group>"; };
		F940F6182C4E298B3511A044 /* ClipboardMonitorTests.swift */ = {isa = PBXFileReference; lastKnownFileType = sourcecode.swift; path = ClipboardMonitorTests.swift; sourceTree = "<group>"; };
		FAECF70623C7580CB548B68A /* ScopyIcons.swift */ = {isa = PBXFileReference; lastKnownFileType = sourcecode.swift; path = ScopyIcons.swift; sourceTree = "<group>"; };
		FF08A6073418036ABAC09144 /* HotKeyServiceTests.swift */ = {isa = PBXFileReference; lastKnownFileType = sourcecode.swift; path = HotKeyServiceTests.swift; sourceTree = "<group>"; };
/* End PBXFileReference section */

/* Begin PBXFrameworksBuildPhase section */
		2A773C7CE420C9A6B4BFF2B0 /* Frameworks */ = {
			isa = PBXFrameworksBuildPhase;
			buildActionMask = 2147483647;
			files = (
				AECBE8E6B53F955EB3F09911 /* libsqlite3.tbd in Frameworks */,
				8E8A09B77FADE08387078D3B /* ScopyKit in Frameworks */,
			);
			runOnlyForDeploymentPostprocessing = 0;
		};
		62362C964D4D0789861392E4 /* Frameworks */ = {
			isa = PBXFrameworksBuildPhase;
			buildActionMask = 2147483647;
			files = (
				731C389FA0434EBF4696D6ED /* libsqlite3.tbd in Frameworks */,
				E97D44CFBD18C1091883D418 /* ScopyKit in Frameworks */,
			);
			runOnlyForDeploymentPostprocessing = 0;
		};
		A8FE7C83E4A1CF67897D4D62 /* Frameworks */ = {
			isa = PBXFrameworksBuildPhase;
			buildActionMask = 2147483647;
			files = (
				7BAD31599DE16D32F3FFF800 /* libsqlite3.tbd in Frameworks */,
				9FD92224C1C7CFFBF4B37912 /* ScopyKit in Frameworks */,
			);
			runOnlyForDeploymentPostprocessing = 0;
		};
/* End PBXFrameworksBuildPhase section */

/* Begin PBXGroup section */
		0422E08B51B79483B0A3AA0D /* ScopyTestHost */ = {
			isa = PBXGroup;
			children = (
				6A2BAEF33A56AB9DC5808252 /* main.swift */,
			);
			path = ScopyTestHost;
			sourceTree = "<group>";
		};
		055FEC4DA3FC145B2A9F2397 /* Helpers */ = {
			isa = PBXGroup;
			children = (
				2D09BA0550F18A7F9EF6A074 /* MockServices.swift */,
				21D8D06A8582ECBC98830C7E /* PerformanceHelpers.swift */,
				98A81F5BEC4470C8DA1B4864 /* TestDataFactory.swift */,
				BA19ACBA28A519AD56F862DE /* XCTestExtensions.swift */,
			);
			path = Helpers;
			sourceTree = "<group>";
		};
		1321CC0A51CAB79AF60AACF0 /* Settings */ = {
			isa = PBXGroup;
			children = (
			);
			path = Settings;
			sourceTree = "<group>";
		};
		15597088AA29CF84B2AC46F8 /* Protocols */ = {
			isa = PBXGroup;
			children = (
			);
			path = Protocols;
			sourceTree = "<group>";
		};
		465B69F83B7A249C89419E10 /* ScopyUITests */ = {
			isa = PBXGroup;
			children = (
				AEF8649A162AEF1B81D32EE6 /* ContextMenuUITests.swift */,
				F8199B08299A36E64A90129A /* HistoryListUITests.swift */,
				D0C6646BEAEFFB053C94B22E /* KeyboardNavigationUITests.swift */,
				137D798E7DE3BC649D3DDE14 /* MainWindowUITests.swift */,
				4D135671D165B8AD6F558C6A /* SettingsUITests.swift */,
			);
			path = ScopyUITests;
			sourceTree = "<group>";
		};
		4B3899A417146FCA05E0513F /* Observables */ = {
			isa = PBXGroup;
			children = (
				61DF2BC8CEEFB6DBC2A87609 /* AppState.swift */,
				18510662ACE6AFE5DEB66283 /* HistoryViewModel.swift */,
				B79CC4C77E31D9CE886C254D /* SettingsViewModel.swift */,
			);
			path = Observables;
			sourceTree = "<group>";
		};
		5874149C6C03ACBD20F83EB5 /* Views */ = {
			isa = PBXGroup;
			children = (
				62C29361DE1A42C04AB601DE /* ContentView.swift */,
				21D905D4EC55C2920DDD4A26 /* FooterView.swift */,
				4059379693354F029F0086D1 /* HeaderView.swift */,
				8C25A96207E0DA2587E7AFBB /* HistoryListView.swift */,
				80F5648018D6B10F8FB3D046 /* SettingsView.swift */,
				ADEF11B464BFF329C7DA9368 /* Components */,
				BB3E93B7A38F5335B990BA91 /* History */,
				1321CC0A51CAB79AF60AACF0 /* Settings */,
			);
			path = Views;
			sourceTree = "<group>";
		};
		64D3283E2192FB0189422949 /* Products */ = {
			isa = PBXGroup;
			children = (
				74C9D67BDF3FC3265BE88014 /* Scopy.app */,
				209523D492016F8F90EA6F7A /* ScopyTestHost.app */,
				56913B13748B393E8044E08B /* ScopyTests.xctest */,
				00D60F774C44FB7BFFEB35B0 /* ScopyTSanTests.xctest */,
				094F7E96DC5DC3FD8002CD7E /* ScopyUITests.xctest */,
			);
			name = Products;
			sourceTree = "<group>";
		};
		7DCDC4FCE32ECD1D9EF44597 /* Frameworks */ = {
			isa = PBXGroup;
			children = (
				6EE4401FFF4C04C3F4498B26 /* libsqlite3.tbd */,
			);
			name = Frameworks;
			sourceTree = "<group>";
		};
		7FE17EEF8617970E762C41B4 /* Packages */ = {
			isa = PBXGroup;
			children = (
				981F278303CBA80DA8E8A43D /* Scopy */,
			);
			name = Packages;
			sourceTree = "<group>";
		};
		9A6C5FE7FD03AE7C4FE971EA /* Presentation */ = {
			isa = PBXGroup;
			children = (
				C46B24B2682039001EA7F2A7 /* ClipboardItemDisplayText.swift */,
			);
			path = Presentation;
			sourceTree = "<group>";
		};
		9C69D015A6946528E40569E5 = {
			isa = PBXGroup;
			children = (
				7FE17EEF8617970E762C41B4 /* Packages */,
				E48448F133BE3F80D945AC6C /* Scopy */,
				0422E08B51B79483B0A3AA0D /* ScopyTestHost */,
				A77C60BDFBB9197578D12D5C /* ScopyTests */,
				465B69F83B7A249C89419E10 /* ScopyUITests */,
				7DCDC4FCE32ECD1D9EF44597 /* Frameworks */,
				64D3283E2192FB0189422949 /* Products */,
			);
			sourceTree = "<group>";
		};
		A77C60BDFBB9197578D12D5C /* ScopyTests */ = {
			isa = PBXGroup;
			children = (
				C8E1D7C3153B156AF59F4FBD /* AppStateTests.swift */,
				F940F6182C4E298B3511A044 /* ClipboardMonitorTests.swift */,
				3527EAD22A82840AEDF3F820 /* ConcurrencyTests.swift */,
				FF08A6073418036ABAC09144 /* HotKeyServiceTests.swift */,
				5F236FB16D44AFE08ACBC9C5 /* IntegrationTests.swift */,
				81E3E40D7B7A01720DF737E2 /* PerformanceProfilerTests.swift */,
				1C176E09A1997AD49E566273 /* PerformanceTests.swift */,
				E89CCE301327084364FDFDE1 /* ResourceCleanupTests.swift */,
				15EBBE158869225275AB5F98 /* SearchServiceTests.swift */,
				6146C28BE595B15CFD414140 /* StorageServiceTests.swift */,
				055FEC4DA3FC145B2A9F2397 /* Helpers */,
			);
			path = ScopyTests;
			sourceTree = "<group>";
		};
		ADEF11B464BFF329C7DA9368 /* Components */ = {
			isa = PBXGroup;
			children = (
			);
			path = Components;
			sourceTree = "<group>";
		};
		B80832310BEE754A495EEBC4 /* Models */ = {
			isa = PBXGroup;
			children = (
			);
			path = Models;
			sourceTree = "<group>";
		};
		BB3E93B7A38F5335B990BA91 /* History */ = {
			isa = PBXGroup;
			children = (
				BACD4A1BF6DABAE83D2073AE /* EmptyStateView.swift */,
				60CF1C183B3F302D5E620DB2 /* HistoryItemImagePreviewView.swift */,
				0F77CBE035B9D88E9E868592 /* HistoryItemTextPreviewView.swift */,
				20DE268ED91DDC33CB05EFB3 /* HistoryItemThumbnailView.swift */,
				5901BA87F11FC6F4D1E7C673 /* HistoryItemView.swift */,
				69E5EDE952C99FFB76658AD2 /* ListLiveScrollObserverView.swift */,
				568714EFD72C9DC5533473A8 /* LoadMoreTriggerView.swift */,
				72C7E22A4D3725C49208C650 /* SectionHeader.swift */,
			);
			path = History;
			sourceTree = "<group>";
		};
		C8E7F13B9638715B53477797 /* Design */ = {
			isa = PBXGroup;
			children = (
				64F67E7978679E2B6026F8F5 /* Localization.swift */,
				493362158599490B2914D1A5 /* ScopyColors.swift */,
				0F7A2545CE101420AEDEBB8F /* ScopyComponents.swift */,
				FAECF70623C7580CB548B68A /* ScopyIcons.swift */,
				9A71D183AE552D5A0722779D /* ScopySize.swift */,
				4E233FCC7701603B37B37B07 /* ScopySpacing.swift */,
				A37481D3662BD7A5717D1395 /* ScopyTypography.swift */,
			);
			path = Design;
			sourceTree = "<group>";
		};
		E48448F133BE3F80D945AC6C /* Scopy */ = {
			isa = PBXGroup;
			children = (
				47EB28A5AF6B73C0ADB10FA4 /* AppDelegate.swift */,
				DDB1A51BEEACE7981D4FBBCD /* FloatingPanel.swift */,
				EBEA6A2C67F9BCC973129D90 /* Info.plist */,
				27D4729DD71F0067DDCA4752 /* main.swift */,
				85328477E197D8B958744DD5 /* Scopy.entitlements */,
				1072DE11C8E9ECC684565EA3 /* ScopyApp.swift */,
				C8E7F13B9638715B53477797 /* Design */,
				B80832310BEE754A495EEBC4 /* Models */,
				4B3899A417146FCA05E0513F /* Observables */,
				9A6C5FE7FD03AE7C4FE971EA /* Presentation */,
				15597088AA29CF84B2AC46F8 /* Protocols */,
				5874149C6C03ACBD20F83EB5 /* Views */,
			);
			path = Scopy;
			sourceTree = "<group>";
		};
/* End PBXGroup section */

/* Begin PBXNativeTarget section */
		185ABD5F0CC3DBE69D9FA902 /* ScopyTSanTests */ = {
			isa = PBXNativeTarget;
			buildConfigurationList = B807E77DD1B5A208550B6A13 /* Build configuration list for PBXNativeTarget "ScopyTSanTests" */;
			buildPhases = (
				06C3BE488CCE045049CC3304 /* Sources */,
				2A773C7CE420C9A6B4BFF2B0 /* Frameworks */,
			);
			buildRules = (
			);
			dependencies = (
				0838BDCA7C5E382C9A95B379 /* PBXTargetDependency */,
			);
			name = ScopyTSanTests;
			packageProductDependencies = (
				600F5F1A8795C728F788B9FC /* ScopyKit */,
			);
			productName = ScopyTSanTests;
			productReference = 00D60F774C44FB7BFFEB35B0 /* ScopyTSanTests.xctest */;
			productType = "com.apple.product-type.bundle.unit-test";
		};
		339889D95358A277D7803586 /* ScopyUITests */ = {
			isa = PBXNativeTarget;
			buildConfigurationList = 2F007C2D7E3FA0AA8B5A7DCC /* Build configuration list for PBXNativeTarget "ScopyUITests" */;
			buildPhases = (
				1CF9CAF8F0E5F4759B66539B /* Sources */,
			);
			buildRules = (
			);
			dependencies = (
				C4A110087A80918AC8CD2B5D /* PBXTargetDependency */,
			);
			name = ScopyUITests;
			packageProductDependencies = (
			);
			productName = ScopyUITests;
			productReference = 094F7E96DC5DC3FD8002CD7E /* ScopyUITests.xctest */;
			productType = "com.apple.product-type.bundle.ui-testing";
		};
		90B6CBB50728B252BCF53636 /* Scopy */ = {
			isa = PBXNativeTarget;
			buildConfigurationList = EA0CA6D87E4589F4380CEA0D /* Build configuration list for PBXNativeTarget "Scopy" */;
			buildPhases = (
				99FDC9A6CBC7EE430A224BD5 /* Sources */,
				62362C964D4D0789861392E4 /* Frameworks */,
			);
			buildRules = (
			);
			dependencies = (
			);
			name = Scopy;
			packageProductDependencies = (
				3011C50D2B1653E9005CAAB0 /* ScopyKit */,
			);
			productName = Scopy;
			productReference = 74C9D67BDF3FC3265BE88014 /* Scopy.app */;
			productType = "com.apple.product-type.application";
		};
		9A0B704F71C1FBCD2F637B6F /* ScopyTests */ = {
			isa = PBXNativeTarget;
			buildConfigurationList = A4A46480BCF8DF70DDE8D6C8 /* Build configuration list for PBXNativeTarget "ScopyTests" */;
			buildPhases = (
				2ED89F6DC5E15F3772E50A92 /* Sources */,
				A8FE7C83E4A1CF67897D4D62 /* Frameworks */,
			);
			buildRules = (
			);
			dependencies = (
			);
			name = ScopyTests;
			packageProductDependencies = (
				822D98D29CCFAA4C5137A39D /* ScopyKit */,
			);
			productName = ScopyTests;
			productReference = 56913B13748B393E8044E08B /* ScopyTests.xctest */;
			productType = "com.apple.product-type.bundle.unit-test";
		};
		9FE7B01C9C96A9A5A0ACFA78 /* ScopyTestHost */ = {
			isa = PBXNativeTarget;
			buildConfigurationList = DBC576CA88919644A120E37B /* Build configuration list for PBXNativeTarget "ScopyTestHost" */;
			buildPhases = (
				8FD60F4F2E6F5F3BD6C58865 /* Sources */,
			);
			buildRules = (
			);
			dependencies = (
			);
			name = ScopyTestHost;
			packageProductDependencies = (
			);
			productName = ScopyTestHost;
			productReference = 209523D492016F8F90EA6F7A /* ScopyTestHost.app */;
			productType = "com.apple.product-type.application";
		};
/* End PBXNativeTarget section */

/* Begin PBXProject section */
		881EAC4E17987F3E27B9F996 /* Project object */ = {
			isa = PBXProject;
			attributes = {
				BuildIndependentTargetsInParallel = YES;
				LastUpgradeCheck = 1500;
				TargetAttributes = {
					185ABD5F0CC3DBE69D9FA902 = {
						DevelopmentTeam = "";
						ProvisioningStyle = Automatic;
					};
					339889D95358A277D7803586 = {
						DevelopmentTeam = "";
						ProvisioningStyle = Automatic;
						TestTargetID = 90B6CBB50728B252BCF53636;
					};
					90B6CBB50728B252BCF53636 = {
						DevelopmentTeam = "";
						ProvisioningStyle = Automatic;
					};
					9A0B704F71C1FBCD2F637B6F = {
						DevelopmentTeam = "";
						ProvisioningStyle = Automatic;
					};
					9FE7B01C9C96A9A5A0ACFA78 = {
						DevelopmentTeam = "";
						ProvisioningStyle = Automatic;
					};
				};
			};
			buildConfigurationList = AD899FBB34F81E430FC0F365 /* Build configuration list for PBXProject "Scopy" */;
			compatibilityVersion = "Xcode 14.0";
			developmentRegion = en;
			hasScannedForEncodings = 0;
			knownRegions = (
				Base,
				en,
			);
			mainGroup = 9C69D015A6946528E40569E5;
			minimizedProjectReferenceProxies = 1;
			packageReferences = (
				F120138A456EA87F399021B7 /* XCLocalSwiftPackageReference "." */,
			);
			preferredProjectObjectVersion = 77;
			projectDirPath = "";
			projectRoot = "";
			targets = (
				90B6CBB50728B252BCF53636 /* Scopy */,
				185ABD5F0CC3DBE69D9FA902 /* ScopyTSanTests */,
				9FE7B01C9C96A9A5A0ACFA78 /* ScopyTestHost */,
				9A0B704F71C1FBCD2F637B6F /* ScopyTests */,
				339889D95358A277D7803586 /* ScopyUITests */,
			);
		};
/* End PBXProject section */

/* Begin PBXSourcesBuildPhase section */
		06C3BE488CCE045049CC3304 /* Sources */ = {
			isa = PBXSourcesBuildPhase;
			buildActionMask = 2147483647;
			files = (
				9661BC22D241C00A9FB7E9D0 /* AppDelegate.swift in Sources */,
				04D00AA12169910C80C28CF9 /* AppState.swift in Sources */,
				05C95008A01E020F43D3988B /* AppStateTests.swift in Sources */,
				5D1D8A60DEB12FAE47085E7E /* ClipboardItemDisplayText.swift in Sources */,
				DEDA1EF2531849DBBA1499A8 /* ClipboardMonitorTests.swift in Sources */,
				440C0A8885E4A77144105A51 /* ConcurrencyTests.swift in Sources */,
				B2CEFE7289E25259D522B888 /* ContentView.swift in Sources */,
				58756FBB91CD1B78A6B09707 /* EmptyStateView.swift in Sources */,
				A24EE268FF89365AF67F78CB /* FloatingPanel.swift in Sources */,
				A370FE0C9CA60A281EC47274 /* FooterView.swift in Sources */,
				542FFE8F4C4D397F7079AB5B /* HeaderView.swift in Sources */,
				5B1334E850CAD27EB7B97DB1 /* HistoryItemImagePreviewView.swift in Sources */,
				9B7AEAA201394AEAAFBC98D2 /* HistoryItemTextPreviewView.swift in Sources */,
				BDF9443F7F2193814BC1A913 /* HistoryItemThumbnailView.swift in Sources */,
				F782F226273CDC46067A65B9 /* HistoryItemView.swift in Sources */,
				3E1520C84E30C111BAE6445B /* HistoryListView.swift in Sources */,
				22CAC8D2216EF5F939B413B0 /* HistoryViewModel.swift in Sources */,
				B0F8C23D7B1B5DBE7FDB6F6B /* HotKeyServiceTests.swift in Sources */,
				41CE19EE13324E299BEB89A3 /* ListLiveScrollObserverView.swift in Sources */,
				91130AD28128B7601FCDCACC /* LoadMoreTriggerView.swift in Sources */,
				437D09C393E7FBBE8EB9D265 /* Localization.swift in Sources */,
				D2FE58267F3FCB1C5696CED6 /* MockServices.swift in Sources */,
				C78B2351A13DD052B3C17FB0 /* PerformanceHelpers.swift in Sources */,
				574CBC1092D1BC6891FF64C0 /* PerformanceProfilerTests.swift in Sources */,
				70D5747F23695105E2867484 /* ResourceCleanupTests.swift in Sources */,
				35F9DA552D86FB9CBF6A3C81 /* ScopyColors.swift in Sources */,
				BA2B70C2C4C86E278C2FC773 /* ScopyComponents.swift in Sources */,
				E5753C5D865B5BB6A6F5F11E /* ScopyIcons.swift in Sources */,
				5B88BBC60EB20FAD37917440 /* ScopySize.swift in Sources */,
				9FD858494D45577D060020B6 /* ScopySpacing.swift in Sources */,
				5B6A53676B5B957EEE6BCA1F /* ScopyTypography.swift in Sources */,
				DF15A575AEB6BFFC571AA648 /* SearchServiceTests.swift in Sources */,
				A91C52F48BFDC092FB56BD9D /* SectionHeader.swift in Sources */,
				0620EE33AA3CA3DF36D3176B /* SettingsView.swift in Sources */,
				507578187BE947202BD63D0B /* SettingsViewModel.swift in Sources */,
				7D547894B05F8069CA7A3DD2 /* StorageServiceTests.swift in Sources */,
				B1CB4831365DCD6E5077365D /* TestDataFactory.swift in Sources */,
				94A1AF4D8054FA51BD1CA617 /* XCTestExtensions.swift in Sources */,
			);
			runOnlyForDeploymentPostprocessing = 0;
		};
		1CF9CAF8F0E5F4759B66539B /* Sources */ = {
			isa = PBXSourcesBuildPhase;
			buildActionMask = 2147483647;
			files = (
				6B322E6344E429837C1AD94B /* ContextMenuUITests.swift in Sources */,
				A7ECC4E5E2258320B82397BC /* HistoryListUITests.swift in Sources */,
				1AA91316EE892A4F9D48F256 /* KeyboardNavigationUITests.swift in Sources */,
				1A08F54DDAA8AF0231A8934F /* MainWindowUITests.swift in Sources */,
				99DED7606FD51D1B181D0FCE /* SettingsUITests.swift in Sources */,
			);
			runOnlyForDeploymentPostprocessing = 0;
		};
		2ED89F6DC5E15F3772E50A92 /* Sources */ = {
			isa = PBXSourcesBuildPhase;
			buildActionMask = 2147483647;
			files = (
				1A2F33F96B65B19147B7E6DA /* AppDelegate.swift in Sources */,
				BF5E207263E1819780AFE98E /* AppState.swift in Sources */,
				F57DEF5DFEC07FE9586910EA /* AppStateTests.swift in Sources */,
				027ABA7EB0EA43844BC05517 /* ClipboardItemDisplayText.swift in Sources */,
				43B8612CECC8A1768F74742B /* ClipboardMonitorTests.swift in Sources */,
				4A95D8E07E139A11201F4027 /* ConcurrencyTests.swift in Sources */,
				F3E22C6E12B926D83DABF422 /* ContentView.swift in Sources */,
				A91F181A47B2BA511885BD3B /* EmptyStateView.swift in Sources */,
				D12264DF065BDA48E5D7F1FE /* FloatingPanel.swift in Sources */,
				45DB5C84486FE70FDAECC1D1 /* FooterView.swift in Sources */,
				401BCD4DE9684844FEFE7136 /* HeaderView.swift in Sources */,
				B22A2A3604CB35AB839619FF /* HistoryItemImagePreviewView.swift in Sources */,
				5957B8762A9A3A45F1E3AC86 /* HistoryItemTextPreviewView.swift in Sources */,
				19AE2BACD59D1592A7C358C5 /* HistoryItemThumbnailView.swift in Sources */,
				DDB28299C2A49D09AB3CDFD5 /* HistoryItemView.swift in Sources */,
				5DA66D3B6875314AE256E8D7 /* HistoryListView.swift in Sources */,
				18A0B29008644A161F357EEA /* HistoryViewModel.swift in Sources */,
				6290407CDC493685A38B5DED /* HotKeyServiceTests.swift in Sources */,
				E4ABCC84D78DE586451E805D /* IntegrationTests.swift in Sources */,
				F46EA2E946C32E791B2710E6 /* ListLiveScrollObserverView.swift in Sources */,
				74BEC382983B8DE7AAAAF6D1 /* LoadMoreTriggerView.swift in Sources */,
				80C5D92E52A700850F1E5997 /* Localization.swift in Sources */,
				4F1BE0CF444C5F07BEE16E97 /* MockServices.swift in Sources */,
				7411E82D82153F4FD1F02B17 /* PerformanceHelpers.swift in Sources */,
				89FF6438C2FC385E81DD98CB /* PerformanceProfilerTests.swift in Sources */,
				A316443B51B7C38263A0682C /* PerformanceTests.swift in Sources */,
				C0A51AA7E4BEC084FC3D231D /* ResourceCleanupTests.swift in Sources */,
				57C1FB3E5765F41546C7AD5E /* ScopyColors.swift in Sources */,
				4F98B4BEB7AEE0ED458F28D0 /* ScopyComponents.swift in Sources */,
				C81A97FB9F42D01C3A7D4731 /* ScopyIcons.swift in Sources */,
				7DC66EDCE0E45DFC84BEE089 /* ScopySize.swift in Sources */,
				CAB0C4BCEB0707C32EF0F6E5 /* ScopySpacing.swift in Sources */,
				BC73EE655DA83097AC0514D4 /* ScopyTypography.swift in Sources */,
				D0DCBABCC3717C48EAF8A18C /* SearchServiceTests.swift in Sources */,
				847904181954981532FFE71E /* SectionHeader.swift in Sources */,
				721DE7132B1FFC691DA2B442 /* SettingsView.swift in Sources */,
				5ADA570A1558437A10DE516C /* SettingsViewModel.swift in Sources */,
				83B5EE1F7FAB659097712B82 /* StorageServiceTests.swift in Sources */,
				2E3AC6F5BBFB8EC0EEA7BEFB /* TestDataFactory.swift in Sources */,
				23E413BF3FBB4FFF3B5FF598 /* XCTestExtensions.swift in Sources */,
			);
			runOnlyForDeploymentPostprocessing = 0;
		};
		8FD60F4F2E6F5F3BD6C58865 /* Sources */ = {
			isa = PBXSourcesBuildPhase;
			buildActionMask = 2147483647;
			files = (
				BF54B8E26A16E46E840CAE76 /* main.swift in Sources */,
			);
			runOnlyForDeploymentPostprocessing = 0;
		};
		99FDC9A6CBC7EE430A224BD5 /* Sources */ = {
			isa = PBXSourcesBuildPhase;
			buildActionMask = 2147483647;
			files = (
				AC847133EB07370A9105BC73 /* AppDelegate.swift in Sources */,
				592F3B9027D4B1BFF844AEB0 /* AppState.swift in Sources */,
				6A99FB613348407E1116DAB4 /* ClipboardItemDisplayText.swift in Sources */,
				6694D337867337FF5925549D /* ContentView.swift in Sources */,
				728C9A64C3B9C089CF9F7A75 /* EmptyStateView.swift in Sources */,
				3F35F1D85C8C126C9CE04179 /* FloatingPanel.swift in Sources */,
				23337C912A577960C511EEB6 /* FooterView.swift in Sources */,
				A6F593655A42AB21104FC556 /* HeaderView.swift in Sources */,
				CD5F94708D052EE6F2D43655 /* HistoryItemImagePreviewView.swift in Sources */,
				DBE13267B5176E233C33B848 /* HistoryItemTextPreviewView.swift in Sources */,
				9BD786560A73DC3C4CE8D4D6 /* HistoryItemThumbnailView.swift in Sources */,
				3B9AFBF4400247DE93225D7B /* HistoryItemView.swift in Sources */,
				56DD95C12F4A8CD6DCD8C837 /* HistoryListView.swift in Sources */,
				0E35E9B208BDFBB26FE28364 /* HistoryViewModel.swift in Sources */,
				36012B3E0492649A27A3334A /* ListLiveScrollObserverView.swift in Sources */,
				98350810B6B0F435AD57BEF1 /* LoadMoreTriggerView.swift in Sources */,
				94AB18BED4E8018E91611810 /* Localization.swift in Sources */,
				A4433C4ACC64F0D5DF5DA717 /* ScopyApp.swift in Sources */,
				1216203D7B799CFDA435C0C5 /* ScopyColors.swift in Sources */,
				0C968E38F7456C42503E1319 /* ScopyComponents.swift in Sources */,
				DA2483A05985496EAFA7CD17 /* ScopyIcons.swift in Sources */,
				BCA3A9072980CA2B53CEFD0A /* ScopySize.swift in Sources */,
				C296E6B159C52200F4C441E3 /* ScopySpacing.swift in Sources */,
				B192C163D6B56DD11C5C4054 /* ScopyTypography.swift in Sources */,
				56499299AE17ABA9BCB5E396 /* SectionHeader.swift in Sources */,
				F3557BE1FA909E49B1824F51 /* SettingsView.swift in Sources */,
				C1331931990CB336FE0D878C /* SettingsViewModel.swift in Sources */,
				96769165BC6DF4DAA0507486 /* main.swift in Sources */,
			);
			runOnlyForDeploymentPostprocessing = 0;
		};
/* End PBXSourcesBuildPhase section */

/* Begin PBXTargetDependency section */
		0838BDCA7C5E382C9A95B379 /* PBXTargetDependency */ = {
			isa = PBXTargetDependency;
			target = 9FE7B01C9C96A9A5A0ACFA78 /* ScopyTestHost */;
			targetProxy = 56FFB96533A3459F239CD4F9 /* PBXContainerItemProxy */;
		};
		C4A110087A80918AC8CD2B5D /* PBXTargetDependency */ = {
			isa = PBXTargetDependency;
			target = 90B6CBB50728B252BCF53636 /* Scopy */;
			targetProxy = D11981CE26BB42085EF77ACB /* PBXContainerItemProxy */;
		};
/* End PBXTargetDependency section */

/* Begin XCBuildConfiguration section */
		09CCF70ADD6197FA0DE7D70F /* Debug */ = {
			isa = XCBuildConfiguration;
			buildSettings = {
				BUNDLE_LOADER = "$(TEST_HOST)";
				COMBINE_HIDPI_IMAGES = YES;
				GENERATE_INFOPLIST_FILE = YES;
				LD_RUNPATH_SEARCH_PATHS = (
					"$(inherited)",
					"@executable_path/Frameworks",
					"@loader_path/Frameworks",
				);
				PRODUCT_BUNDLE_IDENTIFIER = com.scopy.uitests;
				PRODUCT_NAME = ScopyUITests;
				SDKROOT = macosx;
				TEST_TARGET_NAME = Scopy;
			};
			name = Debug;
		};
		22B374447D68B659714798EE /* Debug */ = {
			isa = XCBuildConfiguration;
			buildSettings = {
				BUNDLE_LOADER = "$(TEST_HOST)";
				COMBINE_HIDPI_IMAGES = YES;
				GENERATE_INFOPLIST_FILE = YES;
				INFOPLIST_FILE = Scopy/Info.plist;
				INFOPLIST_KEY_NSPrincipalClass = XCTestCase;
				LD_RUNPATH_SEARCH_PATHS = (
					"$(inherited)",
					"@executable_path/../Frameworks",
					"@loader_path/../Frameworks",
				);
				OTHER_SWIFT_FLAGS = "$(inherited) -DSCOPY_TSAN_TESTS";
				PRODUCT_BUNDLE_IDENTIFIER = com.scopy.tsan.tests;
				PRODUCT_NAME = ScopyTSanTests;
				SDKROOT = macosx;
				TEST_HOST = "$(BUILT_PRODUCTS_DIR)/ScopyTestHost.app/Contents/MacOS/ScopyTestHost";
			};
			name = Debug;
		};
		3124B18EA38DA16E1E9E7FB6 /* Release */ = {
			isa = XCBuildConfiguration;
			buildSettings = {
				BUNDLE_LOADER = "$(TEST_HOST)";
				COMBINE_HIDPI_IMAGES = YES;
				GENERATE_INFOPLIST_FILE = YES;
				INFOPLIST_FILE = Scopy/Info.plist;
				INFOPLIST_KEY_NSPrincipalClass = XCTestCase;
				LD_RUNPATH_SEARCH_PATHS = (
					"$(inherited)",
					"@executable_path/../Frameworks",
					"@loader_path/../Frameworks",
				);
				PRODUCT_BUNDLE_IDENTIFIER = com.scopy.tests;
				PRODUCT_NAME = ScopyTests;
				SDKROOT = macosx;
			};
			name = Release;
		};
		36DBD8D06352B75B93DCB7BD /* Debug */ = {
			isa = XCBuildConfiguration;
			buildSettings = {
				ASSETCATALOG_COMPILER_APPICON_NAME = AppIcon;
				COMBINE_HIDPI_IMAGES = YES;
				GENERATE_INFOPLIST_FILE = YES;
				LD_RUNPATH_SEARCH_PATHS = (
					"$(inherited)",
					"@executable_path/../Frameworks",
				);
				PRODUCT_BUNDLE_IDENTIFIER = com.scopy.testhost;
				PRODUCT_NAME = ScopyTestHost;
				SDKROOT = macosx;
			};
			name = Debug;
		};
		901B491A124197B09151C178 /* Release */ = {
			isa = XCBuildConfiguration;
			buildSettings = {
				ALWAYS_SEARCH_USER_PATHS = NO;
				BUILD_DIR = "$(SRCROOT)/.build";
				CLANG_ANALYZER_NONNULL = YES;
				CLANG_ANALYZER_NUMBER_OBJECT_CONVERSION = YES_AGGRESSIVE;
				CLANG_CXX_LANGUAGE_STANDARD = "gnu++14";
				CLANG_CXX_LIBRARY = "libc++";
				CLANG_ENABLE_MODULES = YES;
				CLANG_ENABLE_OBJC_ARC = YES;
				CLANG_ENABLE_OBJC_WEAK = YES;
				CLANG_WARN_BLOCK_CAPTURE_AUTORELEASING = YES;
				CLANG_WARN_BOOL_CONVERSION = YES;
				CLANG_WARN_COMMA = YES;
				CLANG_WARN_CONSTANT_CONVERSION = YES;
				CLANG_WARN_DEPRECATED_OBJC_IMPLEMENTATIONS = YES;
				CLANG_WARN_DIRECT_OBJC_ISA_USAGE = YES_ERROR;
				CLANG_WARN_DOCUMENTATION_COMMENTS = YES;
				CLANG_WARN_EMPTY_BODY = YES;
				CLANG_WARN_ENUM_CONVERSION = YES;
				CLANG_WARN_INFINITE_RECURSION = YES;
				CLANG_WARN_INT_CONVERSION = YES;
				CLANG_WARN_NON_LITERAL_NULL_CONVERSION = YES;
				CLANG_WARN_OBJC_IMPLICIT_RETAIN_SELF = YES;
				CLANG_WARN_OBJC_LITERAL_CONVERSION = YES;
				CLANG_WARN_OBJC_ROOT_CLASS = YES_ERROR;
				CLANG_WARN_QUOTED_INCLUDE_IN_FRAMEWORK_HEADER = YES;
				CLANG_WARN_RANGE_LOOP_ANALYSIS = YES;
				CLANG_WARN_STRICT_PROTOTYPES = YES;
				CLANG_WARN_SUSPICIOUS_MOVE = YES;
				CLANG_WARN_UNGUARDED_AVAILABILITY = YES_AGGRESSIVE;
				CLANG_WARN_UNREACHABLE_CODE = YES;
				CLANG_WARN__DUPLICATE_METHOD_MATCH = YES;
				CODE_SIGN_ENTITLEMENTS = Scopy/Scopy.entitlements;
				CODE_SIGN_STYLE = Automatic;
				CONFIGURATION_BUILD_DIR = "$(BUILD_DIR)/$(CONFIGURATION)";
				COPY_PHASE_STRIP = NO;
				CURRENT_PROJECT_VERSION = 1;
				DEBUG_INFORMATION_FORMAT = "dwarf-with-dsym";
				DEVELOPMENT_TEAM = "";
				ENABLE_NS_ASSERTIONS = NO;
				ENABLE_STRICT_OBJC_MSGSEND = YES;
				FRAMEWORK_SEARCH_PATHS = "$(inherited) $(OBJROOT)/../Products/$(CONFIGURATION)";
				GCC_C_LANGUAGE_STANDARD = gnu11;
				GCC_NO_COMMON_BLOCKS = YES;
				GCC_WARN_64_TO_32_BIT_CONVERSION = YES;
				GCC_WARN_ABOUT_RETURN_TYPE = YES_ERROR;
				GCC_WARN_UNDECLARED_SELECTOR = YES;
				GCC_WARN_UNINITIALIZED_AUTOS = YES_AGGRESSIVE;
				GCC_WARN_UNUSED_FUNCTION = YES;
				GCC_WARN_UNUSED_VARIABLE = YES;
				MACOSX_DEPLOYMENT_TARGET = 14.0;
				MARKETING_VERSION = 0.6.0;
				MTL_ENABLE_DEBUG_INFO = NO;
				MTL_FAST_MATH = YES;
				PRODUCT_BUNDLE_IDENTIFIER = com.scopy.app;
				PRODUCT_NAME = "$(TARGET_NAME)";
				SDKROOT = macosx;
				SWIFT_COMPILATION_MODE = wholemodule;
				SWIFT_INCLUDE_PATHS = "$(inherited) $(OBJROOT)/../Products/$(CONFIGURATION)";
				SWIFT_OPTIMIZATION_LEVEL = "-O";
				SWIFT_VERSION = 5.9;
			};
			name = Release;
		};
		B2C417DB5C130FD2229CF089 /* Release */ = {
			isa = XCBuildConfiguration;
			buildSettings = {
				BUNDLE_LOADER = "$(TEST_HOST)";
				COMBINE_HIDPI_IMAGES = YES;
				GENERATE_INFOPLIST_FILE = YES;
				LD_RUNPATH_SEARCH_PATHS = (
					"$(inherited)",
					"@executable_path/Frameworks",
					"@loader_path/Frameworks",
				);
				PRODUCT_BUNDLE_IDENTIFIER = com.scopy.uitests;
				PRODUCT_NAME = ScopyUITests;
				SDKROOT = macosx;
				TEST_TARGET_NAME = Scopy;
			};
			name = Release;
		};
		B5DEB8D371F21D6F086E3730 /* Release */ = {
			isa = XCBuildConfiguration;
			buildSettings = {
				ASSETCATALOG_COMPILER_APPICON_NAME = AppIcon;
				COMBINE_HIDPI_IMAGES = YES;
				GENERATE_INFOPLIST_FILE = YES;
				LD_RUNPATH_SEARCH_PATHS = (
					"$(inherited)",
					"@executable_path/../Frameworks",
				);
				PRODUCT_BUNDLE_IDENTIFIER = com.scopy.testhost;
				PRODUCT_NAME = ScopyTestHost;
				SDKROOT = macosx;
			};
			name = Release;
		};
		CCEBA968221EA9EE22DF5B89 /* Debug */ = {
			isa = XCBuildConfiguration;
			buildSettings = {
				ASSETCATALOG_COMPILER_APPICON_NAME = AppIcon;
				COMBINE_HIDPI_IMAGES = YES;
				GENERATE_INFOPLIST_FILE = NO;
				INFOPLIST_FILE = Scopy/Info.plist;
				LD_RUNPATH_SEARCH_PATHS = "@executable_path/../Frameworks";
				PRODUCT_NAME = Scopy;
				SDKROOT = macosx;
			};
			name = Debug;
		};
		D2789A325AA45ADA12B2803A /* Release */ = {
			isa = XCBuildConfiguration;
			buildSettings = {
				BUNDLE_LOADER = "$(TEST_HOST)";
				COMBINE_HIDPI_IMAGES = YES;
				GENERATE_INFOPLIST_FILE = YES;
				INFOPLIST_FILE = Scopy/Info.plist;
				INFOPLIST_KEY_NSPrincipalClass = XCTestCase;
				LD_RUNPATH_SEARCH_PATHS = (
					"$(inherited)",
					"@executable_path/../Frameworks",
					"@loader_path/../Frameworks",
				);
				OTHER_SWIFT_FLAGS = "$(inherited) -DSCOPY_TSAN_TESTS";
				PRODUCT_BUNDLE_IDENTIFIER = com.scopy.tsan.tests;
				PRODUCT_NAME = ScopyTSanTests;
				SDKROOT = macosx;
				TEST_HOST = "$(BUILT_PRODUCTS_DIR)/ScopyTestHost.app/Contents/MacOS/ScopyTestHost";
			};
			name = Release;
		};
		E43AEA075ED0CAD2B20BB27F /* Release */ = {
			isa = XCBuildConfiguration;
			buildSettings = {
				ASSETCATALOG_COMPILER_APPICON_NAME = AppIcon;
				COMBINE_HIDPI_IMAGES = YES;
				GENERATE_INFOPLIST_FILE = NO;
				INFOPLIST_FILE = Scopy/Info.plist;
				LD_RUNPATH_SEARCH_PATHS = "@executable_path/../Frameworks";
				PRODUCT_NAME = Scopy;
				SDKROOT = macosx;
			};
			name = Release;
		};
		EB3108274A0EE7F20A7DFB19 /* Debug */ = {
			isa = XCBuildConfiguration;
			buildSettings = {
				ALWAYS_SEARCH_USER_PATHS = NO;
				BUILD_DIR = "$(SRCROOT)/.build";
				CLANG_ANALYZER_NONNULL = YES;
				CLANG_ANALYZER_NUMBER_OBJECT_CONVERSION = YES_AGGRESSIVE;
				CLANG_CXX_LANGUAGE_STANDARD = "gnu++14";
				CLANG_CXX_LIBRARY = "libc++";
				CLANG_ENABLE_MODULES = YES;
				CLANG_ENABLE_OBJC_ARC = YES;
				CLANG_ENABLE_OBJC_WEAK = YES;
				CLANG_WARN_BLOCK_CAPTURE_AUTORELEASING = YES;
				CLANG_WARN_BOOL_CONVERSION = YES;
				CLANG_WARN_COMMA = YES;
				CLANG_WARN_CONSTANT_CONVERSION = YES;
				CLANG_WARN_DEPRECATED_OBJC_IMPLEMENTATIONS = YES;
				CLANG_WARN_DIRECT_OBJC_ISA_USAGE = YES_ERROR;
				CLANG_WARN_DOCUMENTATION_COMMENTS = YES;
				CLANG_WARN_EMPTY_BODY = YES;
				CLANG_WARN_ENUM_CONVERSION = YES;
				CLANG_WARN_INFINITE_RECURSION = YES;
				CLANG_WARN_INT_CONVERSION = YES;
				CLANG_WARN_NON_LITERAL_NULL_CONVERSION = YES;
				CLANG_WARN_OBJC_IMPLICIT_RETAIN_SELF = YES;
				CLANG_WARN_OBJC_LITERAL_CONVERSION = YES;
				CLANG_WARN_OBJC_ROOT_CLASS = YES_ERROR;
				CLANG_WARN_QUOTED_INCLUDE_IN_FRAMEWORK_HEADER = YES;
				CLANG_WARN_RANGE_LOOP_ANALYSIS = YES;
				CLANG_WARN_STRICT_PROTOTYPES = YES;
				CLANG_WARN_SUSPICIOUS_MOVE = YES;
				CLANG_WARN_UNGUARDED_AVAILABILITY = YES_AGGRESSIVE;
				CLANG_WARN_UNREACHABLE_CODE = YES;
				CLANG_WARN__DUPLICATE_METHOD_MATCH = YES;
				CODE_SIGN_ENTITLEMENTS = Scopy/Scopy.entitlements;
				CODE_SIGN_STYLE = Automatic;
				CONFIGURATION_BUILD_DIR = "$(BUILD_DIR)/$(CONFIGURATION)";
				COPY_PHASE_STRIP = NO;
				CURRENT_PROJECT_VERSION = 1;
				DEBUG_INFORMATION_FORMAT = dwarf;
				DEVELOPMENT_TEAM = "";
				ENABLE_STRICT_OBJC_MSGSEND = YES;
				ENABLE_TESTABILITY = YES;
				FRAMEWORK_SEARCH_PATHS = "$(inherited) $(OBJROOT)/../Products/$(CONFIGURATION)";
				GCC_C_LANGUAGE_STANDARD = gnu11;
				GCC_DYNAMIC_NO_PIC = NO;
				GCC_NO_COMMON_BLOCKS = YES;
				GCC_OPTIMIZATION_LEVEL = 0;
				GCC_PREPROCESSOR_DEFINITIONS = (
					"$(inherited)",
					"DEBUG=1",
				);
				GCC_WARN_64_TO_32_BIT_CONVERSION = YES;
				GCC_WARN_ABOUT_RETURN_TYPE = YES_ERROR;
				GCC_WARN_UNDECLARED_SELECTOR = YES;
				GCC_WARN_UNINITIALIZED_AUTOS = YES_AGGRESSIVE;
				GCC_WARN_UNUSED_FUNCTION = YES;
				GCC_WARN_UNUSED_VARIABLE = YES;
				MACOSX_DEPLOYMENT_TARGET = 14.0;
				MARKETING_VERSION = 0.6.0;
				MTL_ENABLE_DEBUG_INFO = INCLUDE_SOURCE;
				MTL_FAST_MATH = YES;
				ONLY_ACTIVE_ARCH = YES;
				PRODUCT_BUNDLE_IDENTIFIER = com.scopy.app;
				PRODUCT_NAME = "$(TARGET_NAME)";
				SDKROOT = macosx;
				SWIFT_ACTIVE_COMPILATION_CONDITIONS = DEBUG;
				SWIFT_INCLUDE_PATHS = "$(inherited) $(OBJROOT)/../Products/$(CONFIGURATION)";
				SWIFT_OPTIMIZATION_LEVEL = "-Onone";
				SWIFT_VERSION = 5.9;
			};
			name = Debug;
		};
		F0AE10B77432899C6DD11C55 /* Debug */ = {
			isa = XCBuildConfiguration;
			buildSettings = {
				BUNDLE_LOADER = "$(TEST_HOST)";
				COMBINE_HIDPI_IMAGES = YES;
				GENERATE_INFOPLIST_FILE = YES;
				INFOPLIST_FILE = Scopy/Info.plist;
				INFOPLIST_KEY_NSPrincipalClass = XCTestCase;
				LD_RUNPATH_SEARCH_PATHS = (
					"$(inherited)",
					"@executable_path/../Frameworks",
					"@loader_path/../Frameworks",
				);
				PRODUCT_BUNDLE_IDENTIFIER = com.scopy.tests;
				PRODUCT_NAME = ScopyTests;
				SDKROOT = macosx;
			};
			name = Debug;
		};
/* End XCBuildConfiguration section */

/* Begin XCConfigurationList section */
		2F007C2D7E3FA0AA8B5A7DCC /* Build configuration list for PBXNativeTarget "ScopyUITests" */ = {
			isa = XCConfigurationList;
			buildConfigurations = (
				09CCF70ADD6197FA0DE7D70F /* Debug */,
				B2C417DB5C130FD2229CF089 /* Release */,
			);
			defaultConfigurationIsVisible = 0;
			defaultConfigurationName = Debug;
		};
		A4A46480BCF8DF70DDE8D6C8 /* Build configuration list for PBXNativeTarget "ScopyTests" */ = {
			isa = XCConfigurationList;
			buildConfigurations = (
				F0AE10B77432899C6DD11C55 /* Debug */,
				3124B18EA38DA16E1E9E7FB6 /* Release */,
			);
			defaultConfigurationIsVisible = 0;
			defaultConfigurationName = Debug;
		};
		AD899FBB34F81E430FC0F365 /* Build configuration list for PBXProject "Scopy" */ = {
			isa = XCConfigurationList;
			buildConfigurations = (
				EB3108274A0EE7F20A7DFB19 /* Debug */,
				901B491A124197B09151C178 /* Release */,
			);
			defaultConfigurationIsVisible = 0;
			defaultConfigurationName = Debug;
		};
		B807E77DD1B5A208550B6A13 /* Build configuration list for PBXNativeTarget "ScopyTSanTests" */ = {
			isa = XCConfigurationList;
			buildConfigurations = (
				22B374447D68B659714798EE /* Debug */,
				D2789A325AA45ADA12B2803A /* Release */,
			);
			defaultConfigurationIsVisible = 0;
			defaultConfigurationName = Debug;
		};
		DBC576CA88919644A120E37B /* Build configuration list for PBXNativeTarget "ScopyTestHost" */ = {
			isa = XCConfigurationList;
			buildConfigurations = (
				36DBD8D06352B75B93DCB7BD /* Debug */,
				B5DEB8D371F21D6F086E3730 /* Release */,
			);
			defaultConfigurationIsVisible = 0;
			defaultConfigurationName = Debug;
		};
		EA0CA6D87E4589F4380CEA0D /* Build configuration list for PBXNativeTarget "Scopy" */ = {
			isa = XCConfigurationList;
			buildConfigurations = (
				CCEBA968221EA9EE22DF5B89 /* Debug */,
				E43AEA075ED0CAD2B20BB27F /* Release */,
			);
			defaultConfigurationIsVisible = 0;
			defaultConfigurationName = Debug;
		};
/* End XCConfigurationList section */

/* Begin XCLocalSwiftPackageReference section */
		F120138A456EA87F399021B7 /* XCLocalSwiftPackageReference "." */ = {
			isa = XCLocalSwiftPackageReference;
			relativePath = .;
		};
/* End XCLocalSwiftPackageReference section */

/* Begin XCSwiftPackageProductDependency section */
		3011C50D2B1653E9005CAAB0 /* ScopyKit */ = {
			isa = XCSwiftPackageProductDependency;
			productName = ScopyKit;
		};
		600F5F1A8795C728F788B9FC /* ScopyKit */ = {
			isa = XCSwiftPackageProductDependency;
			productName = ScopyKit;
		};
		822D98D29CCFAA4C5137A39D /* ScopyKit */ = {
			isa = XCSwiftPackageProductDependency;
			productName = ScopyKit;
		};
/* End XCSwiftPackageProductDependency section */
	};
	rootObject = 881EAC4E17987F3E27B9F996 /* Project object */;
}
